// !$*UTF8*$!
{
	archiveVersion = 1;
	classes = {
	};
	objectVersion = 77;
	objects = {

/* Begin PBXBuildFile section */
		C09610712E064AD500534F25 /* GoogleService-Info.plist in Resources */ = {isa = PBXBuildFile; fileRef = C09610702E064AD500534F25 /* GoogleService-Info.plist */; };
		C09610742E064B5200534F25 /* FirebaseAI in Frameworks */ = {isa = PBXBuildFile; productRef = C09610732E064B5200534F25 /* FirebaseAI */; };
		C09610762E064B5200534F25 /* FirebaseAnalytics in Frameworks */ = {isa = PBXBuildFile; productRef = C09610752E064B5200534F25 /* FirebaseAnalytics */; };
		C09610782E064B5200534F25 /* FirebaseCrashlytics in Frameworks */ = {isa = PBXBuildFile; productRef = C09610772E064B5200534F25 /* FirebaseCrashlytics */; };
		C096107A2E064B5200534F25 /* FirebaseFirestore in Frameworks */ = {isa = PBXBuildFile; productRef = C09610792E064B5200534F25 /* FirebaseFirestore */; };
		C096107C2E064B5200534F25 /* FirebaseStorage in Frameworks */ = {isa = PBXBuildFile; productRef = C096107B2E064B5200534F25 /* FirebaseStorage */; };
		C09610852E0693FD00534F25 /* FirebaseAuth in Frameworks */ = {isa = PBXBuildFile; productRef = C09610842E0693FD00534F25 /* FirebaseAuth */; };
		C0CC562E2E0F9317003E7205 /* ShortsShareExtension.appex in Embed Foundation Extensions */ = {isa = PBXBuildFile; fileRef = C0CC56242E0F9317003E7205 /* ShortsShareExtension.appex */; settings = {ATTRIBUTES = (RemoveHeadersOnCopy, ); }; };
		C0CC56392E0FEF5E003E7205 /* Localizable.xcstrings in Resources */ = {isa = PBXBuildFile; fileRef = C0CC56382E0FEF5E003E7205 /* Localizable.xcstrings */; };
		C0CC563A2E0FEF5E003E7205 /* Localizable.xcstrings in Resources */ = {isa = PBXBuildFile; fileRef = C0CC56382E0FEF5E003E7205 /* Localizable.xcstrings */; };
/* End PBXBuildFile section */

/* Begin PBXContainerItemProxy section */
		C0CC562C2E0F9317003E7205 /* PBXContainerItemProxy */ = {
			isa = PBXContainerItemProxy;
			containerPortal = C0306B282DFE70010050C0D1 /* Project object */;
			proxyType = 1;
			remoteGlobalIDString = C0CC56232E0F9317003E7205;
			remoteInfo = ShortsShareExtension;
		};
/* End PBXContainerItemProxy section */

/* Begin PBXCopyFilesBuildPhase section */
		C0CC56332E0F9317003E7205 /* Embed Foundation Extensions */ = {
			isa = PBXCopyFilesBuildPhase;
			buildActionMask = 2147483647;
			dstPath = "";
			dstSubfolderSpec = 13;
			files = (
				C0CC562E2E0F9317003E7205 /* ShortsShareExtension.appex in Embed Foundation Extensions */,
			);
			name = "Embed Foundation Extensions";
			runOnlyForDeploymentPostprocessing = 0;
		};
/* End PBXCopyFilesBuildPhase section */

/* Begin PBXFileReference section */
		C0306B302DFE70010050C0D1 /* Shortsy.app */ = {isa = PBXFileReference; explicitFileType = wrapper.application; includeInIndex = 0; path = Shortsy.app; sourceTree = BUILT_PRODUCTS_DIR; };
		C09610702E064AD500534F25 /* GoogleService-Info.plist */ = {isa = PBXFileReference; lastKnownFileType = text.plist.xml; path = "GoogleService-Info.plist"; sourceTree = "<group>"; };
		C0CC56242E0F9317003E7205 /* ShortsShareExtension.appex */ = {isa = PBXFileReference; explicitFileType = "wrapper.app-extension"; includeInIndex = 0; path = ShortsShareExtension.appex; sourceTree = BUILT_PRODUCTS_DIR; };
		C0CC56382E0FEF5E003E7205 /* Localizable.xcstrings */ = {isa = PBXFileReference; lastKnownFileType = text.json.xcstrings; path = Localizable.xcstrings; sourceTree = "<group>"; };
/* End PBXFileReference section */

/* Begin PBXFileSystemSynchronizedBuildFileExceptionSet section */
		C0CC562F2E0F9317003E7205 /* Exceptions for "ShortsShareExtension" folder in "ShortsShareExtension" target */ = {
			isa = PBXFileSystemSynchronizedBuildFileExceptionSet;
			membershipExceptions = (
				Info.plist,
			);
			target = C0CC56232E0F9317003E7205 /* ShortsShareExtension */;
		};
		C0CC56402E0FF0C7003E7205 /* Exceptions for "Shortsy" folder in "ShortsShareExtension" target */ = {
			isa = PBXFileSystemSynchronizedBuildFileExceptionSet;
			membershipExceptions = (
				Assets.xcassets,
				"Constants/Constants.Key+.swift",
				Constants/Constants.swift,
				"Extensions/String+.swift",
				Model/ApiDefaultModel.swift,
				"Model/Constents/Contents.Category+.swift",
				Model/Constents/Contents.swift,
				"Model/Error+.swift",
				Model/FlexibleApiModel.swift,
				Model/ProductItem.swift,
				Model/SharedItem.swift,
			);
			target = C0CC56232E0F9317003E7205 /* ShortsShareExtension */;
		};
/* End PBXFileSystemSynchronizedBuildFileExceptionSet section */

/* Begin PBXFileSystemSynchronizedRootGroup section */
		C0306B322DFE70010050C0D1 /* Shortsy */ = {
			isa = PBXFileSystemSynchronizedRootGroup;
			exceptions = (
				C0CC56402E0FF0C7003E7205 /* Exceptions for "Shortsy" folder in "ShortsShareExtension" target */,
			);
			path = Shortsy;
			sourceTree = "<group>";
		};
		C0CC56252E0F9317003E7205 /* ShortsShareExtension */ = {
			isa = PBXFileSystemSynchronizedRootGroup;
			exceptions = (
				C0CC562F2E0F9317003E7205 /* Exceptions for "ShortsShareExtension" folder in "ShortsShareExtension" target */,
			);
			path = ShortsShareExtension;
			sourceTree = "<group>";
		};
/* End PBXFileSystemSynchronizedRootGroup section */

/* Begin PBXFrameworksBuildPhase section */
		C0306B2D2DFE70010050C0D1 /* Frameworks */ = {
			isa = PBXFrameworksBuildPhase;
			buildActionMask = 2147483647;
			files = (
				C09610782E064B5200534F25 /* FirebaseCrashlytics in Frameworks */,
				C09610852E0693FD00534F25 /* FirebaseAuth in Frameworks */,
				C096107A2E064B5200534F25 /* FirebaseFirestore in Frameworks */,
				C09610762E064B5200534F25 /* FirebaseAnalytics in Frameworks */,
				C096107C2E064B5200534F25 /* FirebaseStorage in Frameworks */,
				C09610742E064B5200534F25 /* FirebaseAI in Frameworks */,
			);
			runOnlyForDeploymentPostprocessing = 0;
		};
		C0CC56212E0F9317003E7205 /* Frameworks */ = {
			isa = PBXFrameworksBuildPhase;
			buildActionMask = 2147483647;
			files = (
			);
			runOnlyForDeploymentPostprocessing = 0;
		};
/* End PBXFrameworksBuildPhase section */

/* Begin PBXGroup section */
		C0306B272DFE70010050C0D1 = {
			isa = PBXGroup;
			children = (
				C09610702E064AD500534F25 /* GoogleService-Info.plist */,
				C0CC56382E0FEF5E003E7205 /* Localizable.xcstrings */,
				C0306B322DFE70010050C0D1 /* Shortsy */,
				C0CC56252E0F9317003E7205 /* ShortsShareExtension */,
				C0306B312DFE70010050C0D1 /* Products */,
			);
			sourceTree = "<group>";
		};
		C0306B312DFE70010050C0D1 /* Products */ = {
			isa = PBXGroup;
			children = (
				C0306B302DFE70010050C0D1 /* Shortsy.app */,
				C0CC56242E0F9317003E7205 /* ShortsShareExtension.appex */,
			);
			name = Products;
			sourceTree = "<group>";
		};
/* End PBXGroup section */

/* Begin PBXNativeTarget section */
		C0306B2F2DFE70010050C0D1 /* Shortsy */ = {
			isa = PBXNativeTarget;
			buildConfigurationList = C0306B3B2DFE70030050C0D1 /* Build configuration list for PBXNativeTarget "Shortsy" */;
			buildPhases = (
				C0306B2C2DFE70010050C0D1 /* Sources */,
				C0306B2D2DFE70010050C0D1 /* Frameworks */,
				C0306B2E2DFE70010050C0D1 /* Resources */,
				C0CC56332E0F9317003E7205 /* Embed Foundation Extensions */,
			);
			buildRules = (
			);
			dependencies = (
				C0CC562D2E0F9317003E7205 /* PBXTargetDependency */,
			);
			fileSystemSynchronizedGroups = (
				C0306B322DFE70010050C0D1 /* Shortsy */,
			);
			name = Shortsy;
			packageProductDependencies = (
				C09610732E064B5200534F25 /* FirebaseAI */,
				C09610752E064B5200534F25 /* FirebaseAnalytics */,
				C09610772E064B5200534F25 /* FirebaseCrashlytics */,
				C09610792E064B5200534F25 /* FirebaseFirestore */,
				C096107B2E064B5200534F25 /* FirebaseStorage */,
				C09610842E0693FD00534F25 /* FirebaseAuth */,
			);
			productName = Shortsy;
			productReference = C0306B302DFE70010050C0D1 /* Shortsy.app */;
			productType = "com.apple.product-type.application";
		};
		C0CC56232E0F9317003E7205 /* ShortsShareExtension */ = {
			isa = PBXNativeTarget;
			buildConfigurationList = C0CC56302E0F9317003E7205 /* Build configuration list for PBXNativeTarget "ShortsShareExtension" */;
			buildPhases = (
				C0CC56202E0F9317003E7205 /* Sources */,
				C0CC56212E0F9317003E7205 /* Frameworks */,
				C0CC56222E0F9317003E7205 /* Resources */,
			);
			buildRules = (
			);
			dependencies = (
			);
			fileSystemSynchronizedGroups = (
				C0CC56252E0F9317003E7205 /* ShortsShareExtension */,
			);
			name = ShortsShareExtension;
			packageProductDependencies = (
			);
			productName = ShortsShareExtension;
			productReference = C0CC56242E0F9317003E7205 /* ShortsShareExtension.appex */;
			productType = "com.apple.product-type.app-extension";
		};
/* End PBXNativeTarget section */

/* Begin PBXProject section */
		C0306B282DFE70010050C0D1 /* Project object */ = {
			isa = PBXProject;
			attributes = {
				BuildIndependentTargetsInParallel = 1;
				LastSwiftUpdateCheck = 1640;
				LastUpgradeCheck = 1640;
				TargetAttributes = {
					C0306B2F2DFE70010050C0D1 = {
						CreatedOnToolsVersion = 16.4;
					};
					C0CC56232E0F9317003E7205 = {
						CreatedOnToolsVersion = 16.4;
					};
				};
			};
			buildConfigurationList = C0306B2B2DFE70010050C0D1 /* Build configuration list for PBXProject "Shortsy" */;
			developmentRegion = en;
			hasScannedForEncodings = 0;
			knownRegions = (
				en,
				Base,
				ko,
			);
			mainGroup = C0306B272DFE70010050C0D1;
			minimizedProjectReferenceProxies = 1;
			packageReferences = (
				C09610722E064B5200534F25 /* XCRemoteSwiftPackageReference "firebase-ios-sdk" */,
			);
			preferredProjectObjectVersion = 77;
			productRefGroup = C0306B312DFE70010050C0D1 /* Products */;
			projectDirPath = "";
			projectRoot = "";
			targets = (
				C0306B2F2DFE70010050C0D1 /* Shortsy */,
				C0CC56232E0F9317003E7205 /* ShortsShareExtension */,
			);
		};
/* End PBXProject section */

/* Begin PBXResourcesBuildPhase section */
		C0306B2E2DFE70010050C0D1 /* Resources */ = {
			isa = PBXResourcesBuildPhase;
			buildActionMask = 2147483647;
			files = (
				C09610712E064AD500534F25 /* GoogleService-Info.plist in Resources */,
				C0CC56392E0FEF5E003E7205 /* Localizable.xcstrings in Resources */,
			);
			runOnlyForDeploymentPostprocessing = 0;
		};
		C0CC56222E0F9317003E7205 /* Resources */ = {
			isa = PBXResourcesBuildPhase;
			buildActionMask = 2147483647;
			files = (
				C0CC563A2E0FEF5E003E7205 /* Localizable.xcstrings in Resources */,
			);
			runOnlyForDeploymentPostprocessing = 0;
		};
/* End PBXResourcesBuildPhase section */

/* Begin PBXSourcesBuildPhase section */
		C0306B2C2DFE70010050C0D1 /* Sources */ = {
			isa = PBXSourcesBuildPhase;
			buildActionMask = 2147483647;
			files = (
			);
			runOnlyForDeploymentPostprocessing = 0;
		};
		C0CC56202E0F9317003E7205 /* Sources */ = {
			isa = PBXSourcesBuildPhase;
			buildActionMask = 2147483647;
			files = (
			);
			runOnlyForDeploymentPostprocessing = 0;
		};
/* End PBXSourcesBuildPhase section */

/* Begin PBXTargetDependency section */
		C0CC562D2E0F9317003E7205 /* PBXTargetDependency */ = {
			isa = PBXTargetDependency;
			target = C0CC56232E0F9317003E7205 /* ShortsShareExtension */;
			targetProxy = C0CC562C2E0F9317003E7205 /* PBXContainerItemProxy */;
		};
/* End PBXTargetDependency section */

/* Begin XCBuildConfiguration section */
		C0306B392DFE70030050C0D1 /* Debug */ = {
			isa = XCBuildConfiguration;
			buildSettings = {
				ALWAYS_SEARCH_USER_PATHS = NO;
				ASSETCATALOG_COMPILER_GENERATE_SWIFT_ASSET_SYMBOL_EXTENSIONS = YES;
				CLANG_ANALYZER_NONNULL = YES;
				CLANG_ANALYZER_NUMBER_OBJECT_CONVERSION = YES_AGGRESSIVE;
				CLANG_CXX_LANGUAGE_STANDARD = "gnu++20";
				CLANG_ENABLE_MODULES = YES;
				CLANG_ENABLE_OBJC_ARC = YES;
				CLANG_ENABLE_OBJC_WEAK = YES;
				CLANG_WARN_BLOCK_CAPTURE_AUTORELEASING = YES;
				CLANG_WARN_BOOL_CONVERSION = YES;
				CLANG_WARN_COMMA = YES;
				CLANG_WARN_CONSTANT_CONVERSION = YES;
				CLANG_WARN_DEPRECATED_OBJC_IMPLEMENTATIONS = YES;
				CLANG_WARN_DIRECT_OBJC_ISA_USAGE = YES_ERROR;
				CLANG_WARN_DOCUMENTATION_COMMENTS = YES;
				CLANG_WARN_EMPTY_BODY = YES;
				CLANG_WARN_ENUM_CONVERSION = YES;
				CLANG_WARN_INFINITE_RECURSION = YES;
				CLANG_WARN_INT_CONVERSION = YES;
				CLANG_WARN_NON_LITERAL_NULL_CONVERSION = YES;
				CLANG_WARN_OBJC_IMPLICIT_RETAIN_SELF = YES;
				CLANG_WARN_OBJC_LITERAL_CONVERSION = YES;
				CLANG_WARN_OBJC_ROOT_CLASS = YES_ERROR;
				CLANG_WARN_QUOTED_INCLUDE_IN_FRAMEWORK_HEADER = YES;
				CLANG_WARN_RANGE_LOOP_ANALYSIS = YES;
				CLANG_WARN_STRICT_PROTOTYPES = YES;
				CLANG_WARN_SUSPICIOUS_MOVE = YES;
				CLANG_WARN_UNGUARDED_AVAILABILITY = YES_AGGRESSIVE;
				CLANG_WARN_UNREACHABLE_CODE = YES;
				CLANG_WARN__DUPLICATE_METHOD_MATCH = YES;
				COPY_PHASE_STRIP = NO;
				DEBUG_INFORMATION_FORMAT = dwarf;
				DEVELOPMENT_TEAM = BEPX5JM7L4;
				ENABLE_STRICT_OBJC_MSGSEND = YES;
				ENABLE_TESTABILITY = YES;
				ENABLE_USER_SCRIPT_SANDBOXING = YES;
				GCC_C_LANGUAGE_STANDARD = gnu17;
				GCC_DYNAMIC_NO_PIC = NO;
				GCC_NO_COMMON_BLOCKS = YES;
				GCC_OPTIMIZATION_LEVEL = 0;
				GCC_PREPROCESSOR_DEFINITIONS = (
					"DEBUG=1",
					"$(inherited)",
				);
				GCC_WARN_64_TO_32_BIT_CONVERSION = YES;
				GCC_WARN_ABOUT_RETURN_TYPE = YES_ERROR;
				GCC_WARN_UNDECLARED_SELECTOR = YES;
				GCC_WARN_UNINITIALIZED_AUTOS = YES_AGGRESSIVE;
				GCC_WARN_UNUSED_FUNCTION = YES;
				GCC_WARN_UNUSED_VARIABLE = YES;
				IPHONEOS_DEPLOYMENT_TARGET = 18.5;
				LOCALIZATION_PREFERS_STRING_CATALOGS = YES;
				MTL_ENABLE_DEBUG_INFO = INCLUDE_SOURCE;
				MTL_FAST_MATH = YES;
				ONLY_ACTIVE_ARCH = YES;
				SDKROOT = iphoneos;
				SWIFT_ACTIVE_COMPILATION_CONDITIONS = "DEBUG $(inherited)";
				SWIFT_EMIT_LOC_STRINGS = YES;
				SWIFT_OPTIMIZATION_LEVEL = "-Onone";
			};
			name = Debug;
		};
		C0306B3A2DFE70030050C0D1 /* Release */ = {
			isa = XCBuildConfiguration;
			buildSettings = {
				ALWAYS_SEARCH_USER_PATHS = NO;
				ASSETCATALOG_COMPILER_GENERATE_SWIFT_ASSET_SYMBOL_EXTENSIONS = YES;
				CLANG_ANALYZER_NONNULL = YES;
				CLANG_ANALYZER_NUMBER_OBJECT_CONVERSION = YES_AGGRESSIVE;
				CLANG_CXX_LANGUAGE_STANDARD = "gnu++20";
				CLANG_ENABLE_MODULES = YES;
				CLANG_ENABLE_OBJC_ARC = YES;
				CLANG_ENABLE_OBJC_WEAK = YES;
				CLANG_WARN_BLOCK_CAPTURE_AUTORELEASING = YES;
				CLANG_WARN_BOOL_CONVERSION = YES;
				CLANG_WARN_COMMA = YES;
				CLANG_WARN_CONSTANT_CONVERSION = YES;
				CLANG_WARN_DEPRECATED_OBJC_IMPLEMENTATIONS = YES;
				CLANG_WARN_DIRECT_OBJC_ISA_USAGE = YES_ERROR;
				CLANG_WARN_DOCUMENTATION_COMMENTS = YES;
				CLANG_WARN_EMPTY_BODY = YES;
				CLANG_WARN_ENUM_CONVERSION = YES;
				CLANG_WARN_INFINITE_RECURSION = YES;
				CLANG_WARN_INT_CONVERSION = YES;
				CLANG_WARN_NON_LITERAL_NULL_CONVERSION = YES;
				CLANG_WARN_OBJC_IMPLICIT_RETAIN_SELF = YES;
				CLANG_WARN_OBJC_LITERAL_CONVERSION = YES;
				CLANG_WARN_OBJC_ROOT_CLASS = YES_ERROR;
				CLANG_WARN_QUOTED_INCLUDE_IN_FRAMEWORK_HEADER = YES;
				CLANG_WARN_RANGE_LOOP_ANALYSIS = YES;
				CLANG_WARN_STRICT_PROTOTYPES = YES;
				CLANG_WARN_SUSPICIOUS_MOVE = YES;
				CLANG_WARN_UNGUARDED_AVAILABILITY = YES_AGGRESSIVE;
				CLANG_WARN_UNREACHABLE_CODE = YES;
				CLANG_WARN__DUPLICATE_METHOD_MATCH = YES;
				COPY_PHASE_STRIP = NO;
				DEBUG_INFORMATION_FORMAT = "dwarf-with-dsym";
				DEVELOPMENT_TEAM = BEPX5JM7L4;
				ENABLE_NS_ASSERTIONS = NO;
				ENABLE_STRICT_OBJC_MSGSEND = YES;
				ENABLE_USER_SCRIPT_SANDBOXING = YES;
				GCC_C_LANGUAGE_STANDARD = gnu17;
				GCC_NO_COMMON_BLOCKS = YES;
				GCC_WARN_64_TO_32_BIT_CONVERSION = YES;
				GCC_WARN_ABOUT_RETURN_TYPE = YES_ERROR;
				GCC_WARN_UNDECLARED_SELECTOR = YES;
				GCC_WARN_UNINITIALIZED_AUTOS = YES_AGGRESSIVE;
				GCC_WARN_UNUSED_FUNCTION = YES;
				GCC_WARN_UNUSED_VARIABLE = YES;
				IPHONEOS_DEPLOYMENT_TARGET = 18.5;
				LOCALIZATION_PREFERS_STRING_CATALOGS = YES;
				MTL_ENABLE_DEBUG_INFO = NO;
				MTL_FAST_MATH = YES;
				SDKROOT = iphoneos;
				SWIFT_COMPILATION_MODE = wholemodule;
				SWIFT_EMIT_LOC_STRINGS = YES;
				VALIDATE_PRODUCT = YES;
			};
			name = Release;
		};
		C0306B3C2DFE70030050C0D1 /* Debug */ = {
			isa = XCBuildConfiguration;
			buildSettings = {
				ASSETCATALOG_COMPILER_APPICON_NAME = AppIcon;
				ASSETCATALOG_COMPILER_GLOBAL_ACCENT_COLOR_NAME = AccentColor;
				CODE_SIGN_ENTITLEMENTS = Shortsy/Shortsy.entitlements;
				CODE_SIGN_STYLE = Automatic;
				CURRENT_PROJECT_VERSION = 1;
				DEVELOPMENT_TEAM = BEPX5JM7L4;
				ENABLE_PREVIEWS = YES;
				GENERATE_INFOPLIST_FILE = YES;
				INFOPLIST_KEY_UIApplicationSceneManifest_Generation = YES;
				INFOPLIST_KEY_UIApplicationSupportsIndirectInputEvents = YES;
				INFOPLIST_KEY_UILaunchScreen_Generation = YES;
				INFOPLIST_KEY_UISupportedInterfaceOrientations = UIInterfaceOrientationPortrait;
				INFOPLIST_KEY_UISupportedInterfaceOrientations_iPad = "UIInterfaceOrientationPortrait UIInterfaceOrientationPortraitUpsideDown";
				IPHONEOS_DEPLOYMENT_TARGET = 17.6;
				LD_RUNPATH_SEARCH_PATHS = (
					"$(inherited)",
					"@executable_path/Frameworks",
				);
				MARKETING_VERSION = 1.0;
				PRODUCT_BUNDLE_IDENTIFIER = com.angmulgo.shortsy;
				PRODUCT_NAME = "$(TARGET_NAME)";
				SWIFT_EMIT_LOC_STRINGS = YES;
				SWIFT_VERSION = 5.0;
				TARGETED_DEVICE_FAMILY = "1,2";
			};
			name = Debug;
		};
		C0306B3D2DFE70030050C0D1 /* Release */ = {
			isa = XCBuildConfiguration;
			buildSettings = {
				ASSETCATALOG_COMPILER_APPICON_NAME = AppIcon;
				ASSETCATALOG_COMPILER_GLOBAL_ACCENT_COLOR_NAME = AccentColor;
				CODE_SIGN_ENTITLEMENTS = Shortsy/Shortsy.entitlements;
				CODE_SIGN_STYLE = Automatic;
				CURRENT_PROJECT_VERSION = 1;
				DEVELOPMENT_TEAM = BEPX5JM7L4;
				ENABLE_PREVIEWS = YES;
				GENERATE_INFOPLIST_FILE = YES;
				INFOPLIST_KEY_UIApplicationSceneManifest_Generation = YES;
				INFOPLIST_KEY_UIApplicationSupportsIndirectInputEvents = YES;
				INFOPLIST_KEY_UILaunchScreen_Generation = YES;
				INFOPLIST_KEY_UISupportedInterfaceOrientations = UIInterfaceOrientationPortrait;
				INFOPLIST_KEY_UISupportedInterfaceOrientations_iPad = "UIInterfaceOrientationPortrait UIInterfaceOrientationPortraitUpsideDown";
				IPHONEOS_DEPLOYMENT_TARGET = 17.6;
				LD_RUNPATH_SEARCH_PATHS = (
					"$(inherited)",
					"@executable_path/Frameworks",
				);
				MARKETING_VERSION = 1.0;
				PRODUCT_BUNDLE_IDENTIFIER = com.angmulgo.shortsy;
				PRODUCT_NAME = "$(TARGET_NAME)";
				SWIFT_EMIT_LOC_STRINGS = YES;
				SWIFT_VERSION = 5.0;
				TARGETED_DEVICE_FAMILY = "1,2";
			};
			name = Release;
		};
		C0CC56312E0F9317003E7205 /* Debug */ = {
			isa = XCBuildConfiguration;
			buildSettings = {
				CODE_SIGN_ENTITLEMENTS = ShortsShareExtension/ShortsShareExtension.entitlements;
				CODE_SIGN_STYLE = Automatic;
				CURRENT_PROJECT_VERSION = 1;
				DEVELOPMENT_TEAM = BEPX5JM7L4;
				GENERATE_INFOPLIST_FILE = YES;
				INFOPLIST_FILE = ShortsShareExtension/Info.plist;
				INFOPLIST_KEY_CFBundleDisplayName = ShortsShareExtension;
				INFOPLIST_KEY_NSHumanReadableCopyright = "";
				IPHONEOS_DEPLOYMENT_TARGET = 17.6;
				LD_RUNPATH_SEARCH_PATHS = (
					"$(inherited)",
					"@executable_path/Frameworks",
					"@executable_path/../../Frameworks",
				);
				MARKETING_VERSION = 1.0;
				PRODUCT_BUNDLE_IDENTIFIER = com.angmulgo.shortsy.ShortsShareExtension;
				PRODUCT_NAME = "$(TARGET_NAME)";
				SKIP_INSTALL = YES;
				SWIFT_EMIT_LOC_STRINGS = YES;
				SWIFT_VERSION = 5.0;
				TARGETED_DEVICE_FAMILY = "1,2";
			};
			name = Debug;
		};
		C0CC56322E0F9317003E7205 /* Release */ = {
			isa = XCBuildConfiguration;
			buildSettings = {
				CODE_SIGN_ENTITLEMENTS = ShortsShareExtension/ShortsShareExtension.entitlements;
				CODE_SIGN_STYLE = Automatic;
				CURRENT_PROJECT_VERSION = 1;
				DEVELOPMENT_TEAM = BEPX5JM7L4;
				GENERATE_INFOPLIST_FILE = YES;
				INFOPLIST_FILE = ShortsShareExtension/Info.plist;
				INFOPLIST_KEY_CFBundleDisplayName = ShortsShareExtension;
				INFOPLIST_KEY_NSHumanReadableCopyright = "";
				IPHONEOS_DEPLOYMENT_TARGET = 17.6;
				LD_RUNPATH_SEARCH_PATHS = (
					"$(inherited)",
					"@executable_path/Frameworks",
					"@executable_path/../../Frameworks",
				);
				MARKETING_VERSION = 1.0;
				PRODUCT_BUNDLE_IDENTIFIER = com.angmulgo.shortsy.ShortsShareExtension;
				PRODUCT_NAME = "$(TARGET_NAME)";
				SKIP_INSTALL = YES;
				SWIFT_EMIT_LOC_STRINGS = YES;
				SWIFT_VERSION = 5.0;
				TARGETED_DEVICE_FAMILY = "1,2";
			};
			name = Release;
		};
/* End XCBuildConfiguration section */

/* Begin XCConfigurationList section */
		C0306B2B2DFE70010050C0D1 /* Build configuration list for PBXProject "Shortsy" */ = {
			isa = XCConfigurationList;
			buildConfigurations = (
				C0306B392DFE70030050C0D1 /* Debug */,
				C0306B3A2DFE70030050C0D1 /* Release */,
			);
			defaultConfigurationIsVisible = 0;
			defaultConfigurationName = Release;
		};
		C0306B3B2DFE70030050C0D1 /* Build configuration list for PBXNativeTarget "Shortsy" */ = {
			isa = XCConfigurationList;
			buildConfigurations = (
				C0306B3C2DFE70030050C0D1 /* Debug */,
				C0306B3D2DFE70030050C0D1 /* Release */,
			);
			defaultConfigurationIsVisible = 0;
			defaultConfigurationName = Release;
		};
		C0CC56302E0F9317003E7205 /* Build configuration list for PBXNativeTarget "ShortsShareExtension" */ = {
			isa = XCConfigurationList;
			buildConfigurations = (
				C0CC56312E0F9317003E7205 /* Debug */,
				C0CC56322E0F9317003E7205 /* Release */,
			);
			defaultConfigurationIsVisible = 0;
			defaultConfigurationName = Release;
		};
/* End XCConfigurationList section */

/* Begin XCRemoteSwiftPackageReference section */
		C09610722E064B5200534F25 /* XCRemoteSwiftPackageReference "firebase-ios-sdk" */ = {
			isa = XCRemoteSwiftPackageReference;
			repositoryURL = "https://github.com/firebase/firebase-ios-sdk";
			requirement = {
				kind = upToNextMajorVersion;
				minimumVersion = 11.14.0;
			};
		};
/* End XCRemoteSwiftPackageReference section */

/* Begin XCSwiftPackageProductDependency section */
		C09610732E064B5200534F25 /* FirebaseAI */ = {
			isa = XCSwiftPackageProductDependency;
			package = C09610722E064B5200534F25 /* XCRemoteSwiftPackageReference "firebase-ios-sdk" */;
			productName = FirebaseAI;
		};
		C09610752E064B5200534F25 /* FirebaseAnalytics */ = {
			isa = XCSwiftPackageProductDependency;
			package = C09610722E064B5200534F25 /* XCRemoteSwiftPackageReference "firebase-ios-sdk" */;
			productName = FirebaseAnalytics;
		};
		C09610772E064B5200534F25 /* FirebaseCrashlytics */ = {
			isa = XCSwiftPackageProductDependency;
			package = C09610722E064B5200534F25 /* XCRemoteSwiftPackageReference "firebase-ios-sdk" */;
			productName = FirebaseCrashlytics;
		};
		C09610792E064B5200534F25 /* FirebaseFirestore */ = {
			isa = XCSwiftPackageProductDependency;
			package = C09610722E064B5200534F25 /* XCRemoteSwiftPackageReference "firebase-ios-sdk" */;
			productName = FirebaseFirestore;
		};
		C096107B2E064B5200534F25 /* FirebaseStorage */ = {
			isa = XCSwiftPackageProductDependency;
			package = C09610722E064B5200534F25 /* XCRemoteSwiftPackageReference "firebase-ios-sdk" */;
			productName = FirebaseStorage;
		};
		C09610842E0693FD00534F25 /* FirebaseAuth */ = {
			isa = XCSwiftPackageProductDependency;
			package = C09610722E064B5200534F25 /* XCRemoteSwiftPackageReference "firebase-ios-sdk" */;
			productName = FirebaseAuth;
		};
/* End XCSwiftPackageProductDependency section */
	};
	rootObject = C0306B282DFE70010050C0D1 /* Project object */;
}
